
Microsoft Visual Studio Solution File, Format Version 12.00
# Visual Studio 15
VisualStudioVersion = 15.0.28010.2050
MinimumVisualStudioVersion = 10.0.40219.1
Project("{FAE04EC0-301F-11D3-BF4B-00C04F79EFBC}") = "7 paskaita 2018 11 19", "7 paskaita 2018 11 19\7 paskaita 2018 11 19.csproj", "{D60B4418-B4F5-4056-A49C-DE3AD6972803}"
EndProject
Global
	GlobalSection(SolutionConfigurationPlatforms) = preSolution
		Debug|Any CPU = Debug|Any CPU
		Release|Any CPU = Release|Any CPU
	EndGlobalSection
	GlobalSection(ProjectConfigurationPlatforms) = postSolution
		{D60B4418-B4F5-4056-A49C-DE3AD6972803}.Debug|Any CPU.ActiveCfg = Debug|Any CPU
		{D60B4418-B4F5-4056-A49C-DE3AD6972803}.Debug|Any CPU.Build.0 = Debug|Any CPU
		{D60B4418-B4F5-4056-A49C-DE3AD6972803}.Release|Any CPU.ActiveCfg = Release|Any CPU
		{D60B4418-B4F5-4056-A49C-DE3AD6972803}.Release|Any CPU.Build.0 = Release|Any CPU
	EndGlobalSection
	GlobalSection(SolutionProperties) = preSolution
		HideSolutionNode = FALSE
	EndGlobalSection
	GlobalSection(ExtensibilityGlobals) = postSolution
		SolutionGuid = {E19845B1-80C3-4013-80B9-0293B8731858}
	EndGlobalSection
EndGlobal
